// !$*UTF8*$!
{
	archiveVersion = 1;
	classes = {
	};
	objectVersion = 46;
	objects = {

/* Begin PBXBuildFile section */
		C61B23FD1C35C50C00C820BC /* DeviceIdentifier.swift in Sources */ = {isa = PBXBuildFile; fileRef = C61B23FC1C35C50C00C820BC /* DeviceIdentifier.swift */; };
		C61B23FF1C35C88200C820BC /* UIDeviceHardware.swift in Sources */ = {isa = PBXBuildFile; fileRef = C61B23FE1C35C88200C820BC /* UIDeviceHardware.swift */; };
		C61B24011C38BF7D00C820BC /* HeadphoneSensor.swift in Sources */ = {isa = PBXBuildFile; fileRef = C61B24001C38BF7D00C820BC /* HeadphoneSensor.swift */; };
		C61B24031C38C66C00C820BC /* SensorInput.swift in Sources */ = {isa = PBXBuildFile; fileRef = C61B24021C38C66B00C820BC /* SensorInput.swift */; };
		C61B24061C38E27400C820BC /* Altimeter.swift in Sources */ = {isa = PBXBuildFile; fileRef = C61B24051C38E27400C820BC /* Altimeter.swift */; };
		C632DF511C347031005A33BF /* ProximitySensor.swift in Sources */ = {isa = PBXBuildFile; fileRef = C632DF501C347031005A33BF /* ProximitySensor.swift */; };
		C6A702101C31D32F0055C7F9 /* AppDelegate.swift in Sources */ = {isa = PBXBuildFile; fileRef = C6A7020F1C31D32F0055C7F9 /* AppDelegate.swift */; };
		C6A702121C31D32F0055C7F9 /* ViewController.swift in Sources */ = {isa = PBXBuildFile; fileRef = C6A702111C31D32F0055C7F9 /* ViewController.swift */; };
		C6A702151C31D32F0055C7F9 /* Main.storyboard in Resources */ = {isa = PBXBuildFile; fileRef = C6A702131C31D32F0055C7F9 /* Main.storyboard */; };
		C6A702171C31D32F0055C7F9 /* Assets.xcassets in Resources */ = {isa = PBXBuildFile; fileRef = C6A702161C31D32F0055C7F9 /* Assets.xcassets */; };
		C6A7021A1C31D32F0055C7F9 /* LaunchScreen.storyboard in Resources */ = {isa = PBXBuildFile; fileRef = C6A702181C31D32F0055C7F9 /* LaunchScreen.storyboard */; };
		C6A702221C325EB90055C7F9 /* Game.swift in Sources */ = {isa = PBXBuildFile; fileRef = C6A702211C325EB90055C7F9 /* Game.swift */; };
		C6A702241C325F4E0055C7F9 /* dist.js in Resources */ = {isa = PBXBuildFile; fileRef = C6A702231C325F4E0055C7F9 /* dist.js */; };
		C6A702261C3262270055C7F9 /* data.json in Resources */ = {isa = PBXBuildFile; fileRef = C6A702251C3262270055C7F9 /* data.json */; };
/* End PBXBuildFile section */

/* Begin PBXFileReference section */
		C61B23FC1C35C50C00C820BC /* DeviceIdentifier.swift */ = {isa = PBXFileReference; fileEncoding = 4; lastKnownFileType = sourcecode.swift; path = DeviceIdentifier.swift; sourceTree = "<group>"; };
		C61B23FE1C35C88200C820BC /* UIDeviceHardware.swift */ = {isa = PBXFileReference; fileEncoding = 4; lastKnownFileType = sourcecode.swift; path = UIDeviceHardware.swift; sourceTree = "<group>"; };
		C61B24001C38BF7D00C820BC /* HeadphoneSensor.swift */ = {isa = PBXFileReference; fileEncoding = 4; lastKnownFileType = sourcecode.swift; path = HeadphoneSensor.swift; sourceTree = "<group>"; };
		C61B24021C38C66B00C820BC /* SensorInput.swift */ = {isa = PBXFileReference; fileEncoding = 4; lastKnownFileType = sourcecode.swift; name = SensorInput.swift; path = ../SensorInput.swift; sourceTree = "<group>"; };
		C61B24051C38E27400C820BC /* Altimeter.swift */ = {isa = PBXFileReference; fileEncoding = 4; lastKnownFileType = sourcecode.swift; path = Altimeter.swift; sourceTree = "<group>"; };
		C632DF501C347031005A33BF /* ProximitySensor.swift */ = {isa = PBXFileReference; fileEncoding = 4; lastKnownFileType = sourcecode.swift; path = ProximitySensor.swift; sourceTree = "<group>"; };
		C6A7020C1C31D32F0055C7F9 /* FilbertSteps.app */ = {isa = PBXFileReference; explicitFileType = wrapper.application; includeInIndex = 0; path = FilbertSteps.app; sourceTree = BUILT_PRODUCTS_DIR; };
		C6A7020F1C31D32F0055C7F9 /* AppDelegate.swift */ = {isa = PBXFileReference; lastKnownFileType = sourcecode.swift; path = AppDelegate.swift; sourceTree = "<group>"; };
		C6A702111C31D32F0055C7F9 /* ViewController.swift */ = {isa = PBXFileReference; lastKnownFileType = sourcecode.swift; path = ViewController.swift; sourceTree = "<group>"; };
		C6A702141C31D32F0055C7F9 /* Base */ = {isa = PBXFileReference; lastKnownFileType = file.storyboard; name = Base; path = Base.lproj/Main.storyboard; sourceTree = "<group>"; };
		C6A702161C31D32F0055C7F9 /* Assets.xcassets */ = {isa = PBXFileReference; lastKnownFileType = folder.assetcatalog; path = Assets.xcassets; sourceTree = "<group>"; };
		C6A702191C31D32F0055C7F9 /* Base */ = {isa = PBXFileReference; lastKnownFileType = file.storyboard; name = Base; path = Base.lproj/LaunchScreen.storyboard; sourceTree = "<group>"; };
		C6A7021B1C31D32F0055C7F9 /* Info.plist */ = {isa = PBXFileReference; lastKnownFileType = text.plist.xml; path = Info.plist; sourceTree = "<group>"; };
		C6A702211C325EB90055C7F9 /* Game.swift */ = {isa = PBXFileReference; fileEncoding = 4; lastKnownFileType = sourcecode.swift; path = Game.swift; sourceTree = "<group>"; };
		C6A702231C325F4E0055C7F9 /* dist.js */ = {isa = PBXFileReference; fileEncoding = 4; lastKnownFileType = sourcecode.javascript; name = dist.js; path = ../../dist.js; sourceTree = "<group>"; };
		C6A702251C3262270055C7F9 /* data.json */ = {isa = PBXFileReference; fileEncoding = 4; lastKnownFileType = text.json; name = data.json; path = ../../data.json; sourceTree = "<group>"; };
/* End PBXFileReference section */

/* Begin PBXFrameworksBuildPhase section */
		C6A702091C31D32F0055C7F9 /* Frameworks */ = {
			isa = PBXFrameworksBuildPhase;
			buildActionMask = 2147483647;
			files = (
			);
			runOnlyForDeploymentPostprocessing = 0;
		};
/* End PBXFrameworksBuildPhase section */

/* Begin PBXGroup section */
		C61B24041C38C69E00C820BC /* SensorInputs */ = {
			isa = PBXGroup;
			children = (
				C61B24001C38BF7D00C820BC /* HeadphoneSensor.swift */,
				C632DF501C347031005A33BF /* ProximitySensor.swift */,
				C61B24051C38E27400C820BC /* Altimeter.swift */,
			);
			name = SensorInputs;
			sourceTree = "<group>";
		};
		C6A702031C31D32F0055C7F9 = {
			isa = PBXGroup;
			children = (
				C6A7020E1C31D32F0055C7F9 /* FilbertSteps */,
				C6A7020D1C31D32F0055C7F9 /* Products */,
			);
			sourceTree = "<group>";
		};
		C6A7020D1C31D32F0055C7F9 /* Products */ = {
			isa = PBXGroup;
			children = (
				C6A7020C1C31D32F0055C7F9 /* FilbertSteps.app */,
			);
			name = Products;
			sourceTree = "<group>";
		};
		C6A7020E1C31D32F0055C7F9 /* FilbertSteps */ = {
			isa = PBXGroup;
			children = (
				C61B24021C38C66B00C820BC /* SensorInput.swift */,
				C61B24041C38C69E00C820BC /* SensorInputs */,
				C6A702231C325F4E0055C7F9 /* dist.js */,
				C6A702251C3262270055C7F9 /* data.json */,
				C6A7020F1C31D32F0055C7F9 /* AppDelegate.swift */,
				C6A702111C31D32F0055C7F9 /* ViewController.swift */,
				C6A702131C31D32F0055C7F9 /* Main.storyboard */,
				C6A702161C31D32F0055C7F9 /* Assets.xcassets */,
				C6A702181C31D32F0055C7F9 /* LaunchScreen.storyboard */,
				C6A7021B1C31D32F0055C7F9 /* Info.plist */,
				C6A702211C325EB90055C7F9 /* Game.swift */,
				C61B23FC1C35C50C00C820BC /* DeviceIdentifier.swift */,
				C61B23FE1C35C88200C820BC /* UIDeviceHardware.swift */,
			);
			path = FilbertSteps;
			sourceTree = "<group>";
		};
/* End PBXGroup section */

/* Begin PBXNativeTarget section */
		C6A7020B1C31D32F0055C7F9 /* FilbertSteps */ = {
			isa = PBXNativeTarget;
			buildConfigurationList = C6A7021E1C31D32F0055C7F9 /* Build configuration list for PBXNativeTarget "FilbertSteps" */;
			buildPhases = (
				C6A702081C31D32F0055C7F9 /* Sources */,
				C6A702091C31D32F0055C7F9 /* Frameworks */,
				C6A7020A1C31D32F0055C7F9 /* Resources */,
			);
			buildRules = (
			);
			dependencies = (
			);
			name = FilbertSteps;
			productName = FilbertSteps;
			productReference = C6A7020C1C31D32F0055C7F9 /* FilbertSteps.app */;
			productType = "com.apple.product-type.application";
		};
/* End PBXNativeTarget section */

/* Begin PBXProject section */
		C6A702041C31D32F0055C7F9 /* Project object */ = {
			isa = PBXProject;
			attributes = {
				LastSwiftUpdateCheck = 0720;
				LastUpgradeCheck = 0720;
				ORGANIZATIONNAME = "Mike Lazer-Walker";
				TargetAttributes = {
					C6A7020B1C31D32F0055C7F9 = {
						CreatedOnToolsVersion = 7.2;
					};
				};
			};
			buildConfigurationList = C6A702071C31D32F0055C7F9 /* Build configuration list for PBXProject "FilbertSteps" */;
			compatibilityVersion = "Xcode 3.2";
			developmentRegion = English;
			hasScannedForEncodings = 0;
			knownRegions = (
				en,
				Base,
			);
			mainGroup = C6A702031C31D32F0055C7F9;
			productRefGroup = C6A7020D1C31D32F0055C7F9 /* Products */;
			projectDirPath = "";
			projectRoot = "";
			targets = (
				C6A7020B1C31D32F0055C7F9 /* FilbertSteps */,
			);
		};
/* End PBXProject section */

/* Begin PBXResourcesBuildPhase section */
		C6A7020A1C31D32F0055C7F9 /* Resources */ = {
			isa = PBXResourcesBuildPhase;
			buildActionMask = 2147483647;
			files = (
				C6A7021A1C31D32F0055C7F9 /* LaunchScreen.storyboard in Resources */,
				C6A702171C31D32F0055C7F9 /* Assets.xcassets in Resources */,
				C6A702241C325F4E0055C7F9 /* dist.js in Resources */,
				C6A702261C3262270055C7F9 /* data.json in Resources */,
				C6A702151C31D32F0055C7F9 /* Main.storyboard in Resources */,
			);
			runOnlyForDeploymentPostprocessing = 0;
		};
/* End PBXResourcesBuildPhase section */

/* Begin PBXSourcesBuildPhase section */
		C6A702081C31D32F0055C7F9 /* Sources */ = {
			isa = PBXSourcesBuildPhase;
			buildActionMask = 2147483647;
			files = (
				C61B23FD1C35C50C00C820BC /* DeviceIdentifier.swift in Sources */,
				C6A702121C31D32F0055C7F9 /* ViewController.swift in Sources */,
				C61B24061C38E27400C820BC /* Altimeter.swift in Sources */,
				C6A702221C325EB90055C7F9 /* Game.swift in Sources */,
				C61B23FF1C35C88200C820BC /* UIDeviceHardware.swift in Sources */,
				C6A702101C31D32F0055C7F9 /* AppDelegate.swift in Sources */,
				C61B24011C38BF7D00C820BC /* HeadphoneSensor.swift in Sources */,
				C61B24031C38C66C00C820BC /* SensorInput.swift in Sources */,
				C632DF511C347031005A33BF /* ProximitySensor.swift in Sources */,
			);
			runOnlyForDeploymentPostprocessing = 0;
		};
/* End PBXSourcesBuildPhase section */

/* Begin PBXVariantGroup section */
		C6A702131C31D32F0055C7F9 /* Main.storyboard */ = {
			isa = PBXVariantGroup;
			children = (
				C6A702141C31D32F0055C7F9 /* Base */,
			);
			name = Main.storyboard;
			sourceTree = "<group>";
		};
		C6A702181C31D32F0055C7F9 /* LaunchScreen.storyboard */ = {
			isa = PBXVariantGroup;
			children = (
				C6A702191C31D32F0055C7F9 /* Base */,
			);
			name = LaunchScreen.storyboard;
			sourceTree = "<group>";
		};
/* End PBXVariantGroup section */

/* Begin XCBuildConfiguration section */
		C6A7021C1C31D32F0055C7F9 /* Debug */ = {
			isa = XCBuildConfiguration;
			buildSettings = {
				ALWAYS_SEARCH_USER_PATHS = NO;
				CLANG_CXX_LANGUAGE_STANDARD = "gnu++0x";
				CLANG_CXX_LIBRARY = "libc++";
				CLANG_ENABLE_MODULES = YES;
				CLANG_ENABLE_OBJC_ARC = YES;
				CLANG_WARN_BOOL_CONVERSION = YES;
				CLANG_WARN_CONSTANT_CONVERSION = YES;
				CLANG_WARN_DIRECT_OBJC_ISA_USAGE = YES_ERROR;
				CLANG_WARN_EMPTY_BODY = YES;
				CLANG_WARN_ENUM_CONVERSION = YES;
				CLANG_WARN_INT_CONVERSION = YES;
				CLANG_WARN_OBJC_ROOT_CLASS = YES_ERROR;
				CLANG_WARN_UNREACHABLE_CODE = YES;
				CLANG_WARN__DUPLICATE_METHOD_MATCH = YES;
				"CODE_SIGN_IDENTITY[sdk=iphoneos*]" = "iPhone Developer";
				COPY_PHASE_STRIP = NO;
				DEBUG_INFORMATION_FORMAT = dwarf;
				ENABLE_STRICT_OBJC_MSGSEND = YES;
				ENABLE_TESTABILITY = YES;
				GCC_C_LANGUAGE_STANDARD = gnu99;
				GCC_DYNAMIC_NO_PIC = NO;
				GCC_NO_COMMON_BLOCKS = YES;
				GCC_OPTIMIZATION_LEVEL = 0;
				GCC_PREPROCESSOR_DEFINITIONS = (
					"DEBUG=1",
					"$(inherited)",
				);
				GCC_WARN_64_TO_32_BIT_CONVERSION = YES;
				GCC_WARN_ABOUT_RETURN_TYPE = YES_ERROR;
				GCC_WARN_UNDECLARED_SELECTOR = YES;
				GCC_WARN_UNINITIALIZED_AUTOS = YES_AGGRESSIVE;
				GCC_WARN_UNUSED_FUNCTION = YES;
				GCC_WARN_UNUSED_VARIABLE = YES;
				IPHONEOS_DEPLOYMENT_TARGET = 9.2;
				MTL_ENABLE_DEBUG_INFO = YES;
				ONLY_ACTIVE_ARCH = YES;
				SDKROOT = iphoneos;
				SWIFT_OPTIMIZATION_LEVEL = "-Onone";
			};
			name = Debug;
		};
		C6A7021D1C31D32F0055C7F9 /* Release */ = {
			isa = XCBuildConfiguration;
			buildSettings = {
				ALWAYS_SEARCH_USER_PATHS = NO;
				CLANG_CXX_LANGUAGE_STANDARD = "gnu++0x";
				CLANG_CXX_LIBRARY = "libc++";
				CLANG_ENABLE_MODULES = YES;
				CLANG_ENABLE_OBJC_ARC = YES;
				CLANG_WARN_BOOL_CONVERSION = YES;
				CLANG_WARN_CONSTANT_CONVERSION = YES;
				CLANG_WARN_DIRECT_OBJC_ISA_USAGE = YES_ERROR;
				CLANG_WARN_EMPTY_BODY = YES;
				CLANG_WARN_ENUM_CONVERSION = YES;
				CLANG_WARN_INT_CONVERSION = YES;
				CLANG_WARN_OBJC_ROOT_CLASS = YES_ERROR;
				CLANG_WARN_UNREACHABLE_CODE = YES;
				CLANG_WARN__DUPLICATE_METHOD_MATCH = YES;
				"CODE_SIGN_IDENTITY[sdk=iphoneos*]" = "iPhone Developer";
				COPY_PHASE_STRIP = NO;
				DEBUG_INFORMATION_FORMAT = "dwarf-with-dsym";
				ENABLE_NS_ASSERTIONS = NO;
				ENABLE_STRICT_OBJC_MSGSEND = YES;
				GCC_C_LANGUAGE_STANDARD = gnu99;
				GCC_NO_COMMON_BLOCKS = YES;
				GCC_WARN_64_TO_32_BIT_CONVERSION = YES;
				GCC_WARN_ABOUT_RETURN_TYPE = YES_ERROR;
				GCC_WARN_UNDECLARED_SELECTOR = YES;
				GCC_WARN_UNINITIALIZED_AUTOS = YES_AGGRESSIVE;
				GCC_WARN_UNUSED_FUNCTION = YES;
				GCC_WARN_UNUSED_VARIABLE = YES;
				IPHONEOS_DEPLOYMENT_TARGET = 9.2;
				MTL_ENABLE_DEBUG_INFO = NO;
				SDKROOT = iphoneos;
				VALIDATE_PRODUCT = YES;
			};
			name = Release;
		};
		C6A7021F1C31D32F0055C7F9 /* Debug */ = {
			isa = XCBuildConfiguration;
			buildSettings = {
				ASSETCATALOG_COMPILER_APPICON_NAME = AppIcon;
				INFOPLIST_FILE = FilbertSteps/Info.plist;
				LD_RUNPATH_SEARCH_PATHS = "$(inherited) @executable_path/Frameworks";
				PRODUCT_BUNDLE_IDENTIFIER = com.lazerwalker.FilbertSteps;
				PRODUCT_NAME = "$(TARGET_NAME)";
			};
			name = Debug;
		};
		C6A702201C31D32F0055C7F9 /* Release */ = {
			isa = XCBuildConfiguration;
			buildSettings = {
				ASSETCATALOG_COMPILER_APPICON_NAME = AppIcon;
				INFOPLIST_FILE = FilbertSteps/Info.plist;
				LD_RUNPATH_SEARCH_PATHS = "$(inherited) @executable_path/Frameworks";
				PRODUCT_BUNDLE_IDENTIFIER = com.lazerwalker.FilbertSteps;
				PRODUCT_NAME = "$(TARGET_NAME)";
			};
			name = Release;
		};
/* End XCBuildConfiguration section */

/* Begin XCConfigurationList section */
		C6A702071C31D32F0055C7F9 /* Build configuration list for PBXProject "FilbertSteps" */ = {
			isa = XCConfigurationList;
			buildConfigurations = (
				C6A7021C1C31D32F0055C7F9 /* Debug */,
				C6A7021D1C31D32F0055C7F9 /* Release */,
			);
			defaultConfigurationIsVisible = 0;
			defaultConfigurationName = Release;
		};
		C6A7021E1C31D32F0055C7F9 /* Build configuration list for PBXNativeTarget "FilbertSteps" */ = {
			isa = XCConfigurationList;
			buildConfigurations = (
				C6A7021F1C31D32F0055C7F9 /* Debug */,
				C6A702201C31D32F0055C7F9 /* Release */,
			);
			defaultConfigurationIsVisible = 0;
			defaultConfigurationName = Release;
		};
/* End XCConfigurationList section */
	};
	rootObject = C6A702041C31D32F0055C7F9 /* Project object */;
}
